<Solution>
  <Folder Name="/src/">
    <Project Path="src/Browser/Browser.csproj" />
    <Project Path="src/ClientApi/ClientApi.csproj" />
    <Project Path="src/Common/Common.csproj" />
    <Project Path="src/Resolver/Resolver.csproj" />
  </Folder>
  <Folder Name="/tests/">
    <Project Path="tests/Browser.Tests/Browser.Tests.csproj" />
  </Folder>
</Solution>
